// !$*UTF8*$!
{
	archiveVersion = 1;
	classes = {
	};
	objectVersion = 46;
	objects = {

/* Begin PBXBuildFile section */
		04320CBD1F13DF2800C177D2 /* AppDelegate.swift in Sources */ = {isa = PBXBuildFile; fileRef = 04320CBC1F13DF2800C177D2 /* AppDelegate.swift */; };
		04320CBF1F13DF2800C177D2 /* ViewController.swift in Sources */ = {isa = PBXBuildFile; fileRef = 04320CBE1F13DF2800C177D2 /* ViewController.swift */; };
		04320CC21F13DF2800C177D2 /* Main.storyboard in Resources */ = {isa = PBXBuildFile; fileRef = 04320CC01F13DF2800C177D2 /* Main.storyboard */; };
		04320CC41F13DF2800C177D2 /* Assets.xcassets in Resources */ = {isa = PBXBuildFile; fileRef = 04320CC31F13DF2800C177D2 /* Assets.xcassets */; };
		04320CC71F13DF2800C177D2 /* LaunchScreen.storyboard in Resources */ = {isa = PBXBuildFile; fileRef = 04320CC51F13DF2800C177D2 /* LaunchScreen.storyboard */; };
		04320CD51F13E2FF00C177D2 /* PracticeUITestUITests.swift in Sources */ = {isa = PBXBuildFile; fileRef = 04320CD41F13E2FF00C177D2 /* PracticeUITestUITests.swift */; };
/* End PBXBuildFile section */

/* Begin PBXContainerItemProxy section */
		04320CD71F13E2FF00C177D2 /* PBXContainerItemProxy */ = {
			isa = PBXContainerItemProxy;
			containerPortal = 04320CB11F13DF2800C177D2 /* Project object */;
			proxyType = 1;
			remoteGlobalIDString = 04320CB81F13DF2800C177D2;
			remoteInfo = PracticeUITest;
		};
/* End PBXContainerItemProxy section */

/* Begin PBXFileReference section */
		04320CB91F13DF2800C177D2 /* PracticeUITest.app */ = {isa = PBXFileReference; explicitFileType = wrapper.application; includeInIndex = 0; path = PracticeUITest.app; sourceTree = BUILT_PRODUCTS_DIR; };
		04320CBC1F13DF2800C177D2 /* AppDelegate.swift */ = {isa = PBXFileReference; lastKnownFileType = sourcecode.swift; path = AppDelegate.swift; sourceTree = "<group>"; };
		04320CBE1F13DF2800C177D2 /* ViewController.swift */ = {isa = PBXFileReference; lastKnownFileType = sourcecode.swift; path = ViewController.swift; sourceTree = "<group>"; };
		04320CC11F13DF2800C177D2 /* Base */ = {isa = PBXFileReference; lastKnownFileType = file.storyboard; name = Base; path = Base.lproj/Main.storyboard; sourceTree = "<group>"; };
		04320CC31F13DF2800C177D2 /* Assets.xcassets */ = {isa = PBXFileReference; lastKnownFileType = folder.assetcatalog; path = Assets.xcassets; sourceTree = "<group>"; };
		04320CC61F13DF2800C177D2 /* Base */ = {isa = PBXFileReference; lastKnownFileType = file.storyboard; name = Base; path = Base.lproj/LaunchScreen.storyboard; sourceTree = "<group>"; };
		04320CC81F13DF2800C177D2 /* Info.plist */ = {isa = PBXFileReference; lastKnownFileType = text.plist.xml; path = Info.plist; sourceTree = "<group>"; };
		04320CD21F13E2FE00C177D2 /* PracticeUITestUITests.xctest */ = {isa = PBXFileReference; explicitFileType = wrapper.cfbundle; includeInIndex = 0; path = PracticeUITestUITests.xctest; sourceTree = BUILT_PRODUCTS_DIR; };
		04320CD41F13E2FF00C177D2 /* PracticeUITestUITests.swift */ = {isa = PBXFileReference; lastKnownFileType = sourcecode.swift; path = PracticeUITestUITests.swift; sourceTree = "<group>"; };
		04320CD61F13E2FF00C177D2 /* Info.plist */ = {isa = PBXFileReference; lastKnownFileType = text.plist.xml; path = Info.plist; sourceTree = "<group>"; };
/* End PBXFileReference section */

/* Begin PBXFrameworksBuildPhase section */
		04320CB61F13DF2800C177D2 /* Frameworks */ = {
			isa = PBXFrameworksBuildPhase;
			buildActionMask = 2147483647;
			files = (
			);
			runOnlyForDeploymentPostprocessing = 0;
		};
		04320CCF1F13E2FE00C177D2 /* Frameworks */ = {
			isa = PBXFrameworksBuildPhase;
			buildActionMask = 2147483647;
			files = (
			);
			runOnlyForDeploymentPostprocessing = 0;
		};
/* End PBXFrameworksBuildPhase section */

/* Begin PBXGroup section */
		04320CB01F13DF2800C177D2 = {
			isa = PBXGroup;
			children = (
				04320CBB1F13DF2800C177D2 /* PracticeUITest */,
				04320CD31F13E2FF00C177D2 /* PracticeUITestUITests */,
				04320CBA1F13DF2800C177D2 /* Products */,
			);
			sourceTree = "<group>";
		};
		04320CBA1F13DF2800C177D2 /* Products */ = {
			isa = PBXGroup;
			children = (
				04320CB91F13DF2800C177D2 /* PracticeUITest.app */,
				04320CD21F13E2FE00C177D2 /* PracticeUITestUITests.xctest */,
			);
			name = Products;
			sourceTree = "<group>";
		};
		04320CBB1F13DF2800C177D2 /* PracticeUITest */ = {
			isa = PBXGroup;
			children = (
				04320CBC1F13DF2800C177D2 /* AppDelegate.swift */,
				04320CBE1F13DF2800C177D2 /* ViewController.swift */,
				04320CC01F13DF2800C177D2 /* Main.storyboard */,
				04320CC31F13DF2800C177D2 /* Assets.xcassets */,
				04320CC51F13DF2800C177D2 /* LaunchScreen.storyboard */,
				04320CC81F13DF2800C177D2 /* Info.plist */,
			);
			path = PracticeUITest;
			sourceTree = "<group>";
		};
		04320CD31F13E2FF00C177D2 /* PracticeUITestUITests */ = {
			isa = PBXGroup;
			children = (
				04320CD41F13E2FF00C177D2 /* PracticeUITestUITests.swift */,
				04320CD61F13E2FF00C177D2 /* Info.plist */,
			);
			path = PracticeUITestUITests;
			sourceTree = "<group>";
		};
/* End PBXGroup section */

/* Begin PBXNativeTarget section */
		04320CB81F13DF2800C177D2 /* PracticeUITest */ = {
			isa = PBXNativeTarget;
			buildConfigurationList = 04320CCB1F13DF2800C177D2 /* Build configuration list for PBXNativeTarget "PracticeUITest" */;
			buildPhases = (
				04320CB51F13DF2800C177D2 /* Sources */,
				04320CB61F13DF2800C177D2 /* Frameworks */,
				04320CB71F13DF2800C177D2 /* Resources */,
			);
			buildRules = (
			);
			dependencies = (
			);
			name = PracticeUITest;
			productName = PracticeUITest;
			productReference = 04320CB91F13DF2800C177D2 /* PracticeUITest.app */;
			productType = "com.apple.product-type.application";
		};
		04320CD11F13E2FE00C177D2 /* PracticeUITestUITests */ = {
			isa = PBXNativeTarget;
			buildConfigurationList = 04320CD91F13E2FF00C177D2 /* Build configuration list for PBXNativeTarget "PracticeUITestUITests" */;
			buildPhases = (
				04320CCE1F13E2FE00C177D2 /* Sources */,
				04320CCF1F13E2FE00C177D2 /* Frameworks */,
				04320CD01F13E2FE00C177D2 /* Resources */,
			);
			buildRules = (
			);
			dependencies = (
				04320CD81F13E2FF00C177D2 /* PBXTargetDependency */,
			);
			name = PracticeUITestUITests;
			productName = PracticeUITestUITests;
			productReference = 04320CD21F13E2FE00C177D2 /* PracticeUITestUITests.xctest */;
			productType = "com.apple.product-type.bundle.ui-testing";
		};
/* End PBXNativeTarget section */

/* Begin PBXProject section */
		04320CB11F13DF2800C177D2 /* Project object */ = {
			isa = PBXProject;
			attributes = {
				LastSwiftUpdateCheck = 0830;
				LastUpgradeCheck = 0830;
				ORGANIZATIONNAME = Mac;
				TargetAttributes = {
					04320CB81F13DF2800C177D2 = {
						CreatedOnToolsVersion = 8.3.3;
						DevelopmentTeam = VJGEDW5SA9;
						ProvisioningStyle = Automatic;
					};
					04320CD11F13E2FE00C177D2 = {
						CreatedOnToolsVersion = 8.3.3;
						DevelopmentTeam = VJGEDW5SA9;
						ProvisioningStyle = Automatic;
						TestTargetID = 04320CB81F13DF2800C177D2;
					};
				};
			};
			buildConfigurationList = 04320CB41F13DF2800C177D2 /* Build configuration list for PBXProject "PracticeUITest" */;
			compatibilityVersion = "Xcode 3.2";
			developmentRegion = English;
			hasScannedForEncodings = 0;
			knownRegions = (
				en,
				Base,
			);
			mainGroup = 04320CB01F13DF2800C177D2;
			productRefGroup = 04320CBA1F13DF2800C177D2 /* Products */;
			projectDirPath = "";
			projectRoot = "";
			targets = (
				04320CB81F13DF2800C177D2 /* PracticeUITest */,
				04320CD11F13E2FE00C177D2 /* PracticeUITestUITests */,
			);
		};
/* End PBXProject section */

/* Begin PBXResourcesBuildPhase section */
		04320CB71F13DF2800C177D2 /* Resources */ = {
			isa = PBXResourcesBuildPhase;
			buildActionMask = 2147483647;
			files = (
				04320CC71F13DF2800C177D2 /* LaunchScreen.storyboard in Resources */,
				04320CC41F13DF2800C177D2 /* Assets.xcassets in Resources */,
				04320CC21F13DF2800C177D2 /* Main.storyboard in Resources */,
			);
			runOnlyForDeploymentPostprocessing = 0;
		};
		04320CD01F13E2FE00C177D2 /* Resources */ = {
			isa = PBXResourcesBuildPhase;
			buildActionMask = 2147483647;
			files = (
			);
			runOnlyForDeploymentPostprocessing = 0;
		};
/* End PBXResourcesBuildPhase section */

/* Begin PBXSourcesBuildPhase section */
		04320CB51F13DF2800C177D2 /* Sources */ = {
			isa = PBXSourcesBuildPhase;
			buildActionMask = 2147483647;
			files = (
				04320CBF1F13DF2800C177D2 /* ViewController.swift in Sources */,
				04320CBD1F13DF2800C177D2 /* AppDelegate.swift in Sources */,
			);
			runOnlyForDeploymentPostprocessing = 0;
		};
		04320CCE1F13E2FE00C177D2 /* Sources */ = {
			isa = PBXSourcesBuildPhase;
			buildActionMask = 2147483647;
			files = (
				04320CD51F13E2FF00C177D2 /* PracticeUITestUITests.swift in Sources */,
			);
			runOnlyForDeploymentPostprocessing = 0;
		};
/* End PBXSourcesBuildPhase section */

/* Begin PBXTargetDependency section */
		04320CD81F13E2FF00C177D2 /* PBXTargetDependency */ = {
			isa = PBXTargetDependency;
			target = 04320CB81F13DF2800C177D2 /* PracticeUITest */;
			targetProxy = 04320CD71F13E2FF00C177D2 /* PBXContainerItemProxy */;
		};
/* End PBXTargetDependency section */

/* Begin PBXVariantGroup section */
		04320CC01F13DF2800C177D2 /* Main.storyboard */ = {
			isa = PBXVariantGroup;
			children = (
				04320CC11F13DF2800C177D2 /* Base */,
			);
			name = Main.storyboard;
			sourceTree = "<group>";
		};
		04320CC51F13DF2800C177D2 /* LaunchScreen.storyboard */ = {
			isa = PBXVariantGroup;
			children = (
				04320CC61F13DF2800C177D2 /* Base */,
			);
			name = LaunchScreen.storyboard;
			sourceTree = "<group>";
		};
/* End PBXVariantGroup section */

/* Begin XCBuildConfiguration section */
		04320CC91F13DF2800C177D2 /* Debug */ = {
			isa = XCBuildConfiguration;
			buildSettings = {
				ALWAYS_SEARCH_USER_PATHS = NO;
				CLANG_ANALYZER_NONNULL = YES;
				CLANG_ANALYZER_NUMBER_OBJECT_CONVERSION = YES_AGGRESSIVE;
				CLANG_CXX_LANGUAGE_STANDARD = "gnu++0x";
				CLANG_CXX_LIBRARY = "libc++";
				CLANG_ENABLE_MODULES = YES;
				CLANG_ENABLE_OBJC_ARC = YES;
				CLANG_WARN_BOOL_CONVERSION = YES;
				CLANG_WARN_CONSTANT_CONVERSION = YES;
				CLANG_WARN_DIRECT_OBJC_ISA_USAGE = YES_ERROR;
				CLANG_WARN_DOCUMENTATION_COMMENTS = YES;
				CLANG_WARN_EMPTY_BODY = YES;
				CLANG_WARN_ENUM_CONVERSION = YES;
				CLANG_WARN_INFINITE_RECURSION = YES;
				CLANG_WARN_INT_CONVERSION = YES;
				CLANG_WARN_OBJC_ROOT_CLASS = YES_ERROR;
				CLANG_WARN_SUSPICIOUS_MOVE = YES;
				CLANG_WARN_UNREACHABLE_CODE = YES;
				CLANG_WARN__DUPLICATE_METHOD_MATCH = YES;
				"CODE_SIGN_IDENTITY[sdk=iphoneos*]" = "iPhone Developer";
				COPY_PHASE_STRIP = NO;
				DEBUG_INFORMATION_FORMAT = dwarf;
				ENABLE_STRICT_OBJC_MSGSEND = YES;
				ENABLE_TESTABILITY = YES;
				GCC_C_LANGUAGE_STANDARD = gnu99;
				GCC_DYNAMIC_NO_PIC = NO;
				GCC_NO_COMMON_BLOCKS = YES;
				GCC_OPTIMIZATION_LEVEL = 0;
				GCC_PREPROCESSOR_DEFINITIONS = (
					"DEBUG=1",
					"$(inherited)",
				);
				GCC_WARN_64_TO_32_BIT_CONVERSION = YES;
				GCC_WARN_ABOUT_RETURN_TYPE = YES_ERROR;
				GCC_WARN_UNDECLARED_SELECTOR = YES;
				GCC_WARN_UNINITIALIZED_AUTOS = YES_AGGRESSIVE;
				GCC_WARN_UNUSED_FUNCTION = YES;
				GCC_WARN_UNUSED_VARIABLE = YES;
				IPHONEOS_DEPLOYMENT_TARGET = 10.3;
				MTL_ENABLE_DEBUG_INFO = YES;
				ONLY_ACTIVE_ARCH = YES;
				SDKROOT = iphoneos;
				SWIFT_ACTIVE_COMPILATION_CONDITIONS = DEBUG;
				SWIFT_OPTIMIZATION_LEVEL = "-Onone";
				TARGETED_DEVICE_FAMILY = "1,2";
			};
			name = Debug;
		};
		04320CCA1F13DF2800C177D2 /* Release */ = {
			isa = XCBuildConfiguration;
			buildSettings = {
				ALWAYS_SEARCH_USER_PATHS = NO;
				CLANG_ANALYZER_NONNULL = YES;
				CLANG_ANALYZER_NUMBER_OBJECT_CONVERSION = YES_AGGRESSIVE;
				CLANG_CXX_LANGUAGE_STANDARD = "gnu++0x";
				CLANG_CXX_LIBRARY = "libc++";
				CLANG_ENABLE_MODULES = YES;
				CLANG_ENABLE_OBJC_ARC = YES;
				CLANG_WARN_BOOL_CONVERSION = YES;
				CLANG_WARN_CONSTANT_CONVERSION = YES;
				CLANG_WARN_DIRECT_OBJC_ISA_USAGE = YES_ERROR;
				CLANG_WARN_DOCUMENTATION_COMMENTS = YES;
				CLANG_WARN_EMPTY_BODY = YES;
				CLANG_WARN_ENUM_CONVERSION = YES;
				CLANG_WARN_INFINITE_RECURSION = YES;
				CLANG_WARN_INT_CONVERSION = YES;
				CLANG_WARN_OBJC_ROOT_CLASS = YES_ERROR;
				CLANG_WARN_SUSPICIOUS_MOVE = YES;
				CLANG_WARN_UNREACHABLE_CODE = YES;
				CLANG_WARN__DUPLICATE_METHOD_MATCH = YES;
				"CODE_SIGN_IDENTITY[sdk=iphoneos*]" = "iPhone Developer";
				COPY_PHASE_STRIP = NO;
				DEBUG_INFORMATION_FORMAT = "dwarf-with-dsym";
				ENABLE_NS_ASSERTIONS = NO;
				ENABLE_STRICT_OBJC_MSGSEND = YES;
				GCC_C_LANGUAGE_STANDARD = gnu99;
				GCC_NO_COMMON_BLOCKS = YES;
				GCC_WARN_64_TO_32_BIT_CONVERSION = YES;
				GCC_WARN_ABOUT_RETURN_TYPE = YES_ERROR;
				GCC_WARN_UNDECLARED_SELECTOR = YES;
				GCC_WARN_UNINITIALIZED_AUTOS = YES_AGGRESSIVE;
				GCC_WARN_UNUSED_FUNCTION = YES;
				GCC_WARN_UNUSED_VARIABLE = YES;
				IPHONEOS_DEPLOYMENT_TARGET = 10.3;
				MTL_ENABLE_DEBUG_INFO = NO;
				SDKROOT = iphoneos;
				SWIFT_OPTIMIZATION_LEVEL = "-Owholemodule";
				TARGETED_DEVICE_FAMILY = "1,2";
				VALIDATE_PRODUCT = YES;
			};
			name = Release;
		};
		04320CCC1F13DF2800C177D2 /* Debug */ = {
			isa = XCBuildConfiguration;
			buildSettings = {
				ASSETCATALOG_COMPILER_APPICON_NAME = AppIcon;
				DEVELOPMENT_TEAM = VJGEDW5SA9;
				INFOPLIST_FILE = PracticeUITest/Info.plist;
				LD_RUNPATH_SEARCH_PATHS = "$(inherited) @executable_path/Frameworks";
				PRODUCT_BUNDLE_IDENTIFIER = com.sunnylee945.PracticeUITest;
				PRODUCT_NAME = "$(TARGET_NAME)";
				SWIFT_VERSION = 3.0;
			};
			name = Debug;
		};
		04320CCD1F13DF2800C177D2 /* Release */ = {
			isa = XCBuildConfiguration;
			buildSettings = {
				ASSETCATALOG_COMPILER_APPICON_NAME = AppIcon;
				DEVELOPMENT_TEAM = VJGEDW5SA9;
				INFOPLIST_FILE = PracticeUITest/Info.plist;
				LD_RUNPATH_SEARCH_PATHS = "$(inherited) @executable_path/Frameworks";
				PRODUCT_BUNDLE_IDENTIFIER = com.sunnylee945.PracticeUITest;
				PRODUCT_NAME = "$(TARGET_NAME)";
				SWIFT_VERSION = 3.0;
			};
			name = Release;
		};
		04320CDA1F13E2FF00C177D2 /* Debug */ = {
			isa = XCBuildConfiguration;
			buildSettings = {
				DEVELOPMENT_TEAM = VJGEDW5SA9;
				INFOPLIST_FILE = PracticeUITestUITests/Info.plist;
				LD_RUNPATH_SEARCH_PATHS = "$(inherited) @executable_path/Frameworks @loader_path/Frameworks";
				PRODUCT_BUNDLE_IDENTIFIER = com.sunnylee945.PracticeUITestUITests;
				PRODUCT_NAME = "$(TARGET_NAME)";
				SWIFT_VERSION = 3.0;
				TEST_TARGET_NAME = PracticeUITest;
			};
			name = Debug;
		};
		04320CDB1F13E2FF00C177D2 /* Release */ = {
			isa = XCBuildConfiguration;
			buildSettings = {
				DEVELOPMENT_TEAM = VJGEDW5SA9;
				INFOPLIST_FILE = PracticeUITestUITests/Info.plist;
				LD_RUNPATH_SEARCH_PATHS = "$(inherited) @executable_path/Frameworks @loader_path/Frameworks";
				PRODUCT_BUNDLE_IDENTIFIER = com.sunnylee945.PracticeUITestUITests;
				PRODUCT_NAME = "$(TARGET_NAME)";
				SWIFT_VERSION = 3.0;
				TEST_TARGET_NAME = PracticeUITest;
			};
			name = Release;
		};
/* End XCBuildConfiguration section */

/* Begin XCConfigurationList section */
		04320CB41F13DF2800C177D2 /* Build configuration list for PBXProject "PracticeUITest" */ = {
			isa = XCConfigurationList;
			buildConfigurations = (
				04320CC91F13DF2800C177D2 /* Debug */,
				04320CCA1F13DF2800C177D2 /* Release */,
			);
			defaultConfigurationIsVisible = 0;
			defaultConfigurationName = Release;
		};
		04320CCB1F13DF2800C177D2 /* Build configuration list for PBXNativeTarget "PracticeUITest" */ = {
			isa = XCConfigurationList;
			buildConfigurations = (
				04320CCC1F13DF2800C177D2 /* Debug */,
				04320CCD1F13DF2800C177D2 /* Release */,
			);
			defaultConfigurationIsVisible = 0;
		};
		04320CD91F13E2FF00C177D2 /* Build configuration list for PBXNativeTarget "PracticeUITestUITests" */ = {
			isa = XCConfigurationList;
			buildConfigurations = (
				04320CDA1F13E2FF00C177D2 /* Debug */,
				04320CDB1F13E2FF00C177D2 /* Release */,
			);
			defaultConfigurationIsVisible = 0;
		};
/* End XCConfigurationList section */
	};
	rootObject = 04320CB11F13DF2800C177D2 /* Project object */;
}
